
Microsoft Visual Studio Solution File, Format Version 12.00
# Visual Studio Version 17
VisualStudioVersion = 17.14.35806.103 d17.14
MinimumVisualStudioVersion = 10.0.40219.1
Project("{FAE04EC0-301F-11D3-BF4B-00C04F79EFBC}") = "ExampleMediatorUse", "ExampleMediatorUse\ExampleMediatorUse.csproj", "{0C968852-9678-411C-A20A-6E4969134AAB}"
EndProject
Global
	GlobalSection(SolutionConfigurationPlatforms) = preSolution
		Debug|Any CPU = Debug|Any CPU
		Release|Any CPU = Release|Any CPU
	EndGlobalSection
	GlobalSection(ProjectConfigurationPlatforms) = postSolution
		{0C968852-9678-411C-A20A-6E4969134AAB}.Debug|Any CPU.ActiveCfg = Debug|Any CPU
		{0C968852-9678-411C-A20A-6E4969134AAB}.Debug|Any CPU.Build.0 = Debug|Any CPU
		{0C968852-9678-411C-A20A-6E4969134AAB}.Release|Any CPU.ActiveCfg = Release|Any CPU
		{0C968852-9678-411C-A20A-6E4969134AAB}.Release|Any CPU.Build.0 = Release|Any CPU
	EndGlobalSection
	GlobalSection(SolutionProperties) = preSolution
		HideSolutionNode = FALSE
	EndGlobalSection
	GlobalSection(ExtensibilityGlobals) = postSolution
		SolutionGuid = {6C20C276-4D35-40CE-8763-4DD33BA6ED7E}
	EndGlobalSection
EndGlobal
